
Microsoft Visual Studio Solution File, Format Version 12.00
# Visual Studio Version 16
VisualStudioVersion = 16.0.30523.141
MinimumVisualStudioVersion = 10.0.40219.1
Project("{FAE04EC0-301F-11D3-BF4B-00C04F79EFBC}") = "GitTest1", "GitTest1.csproj", "{03E6796E-57AF-47D4-B5A7-69D2A82E8903}"
EndProject
Global
	GlobalSection(SolutionConfigurationPlatforms) = preSolution
		Debug|Any CPU = Debug|Any CPU
		Release|Any CPU = Release|Any CPU
	EndGlobalSection
	GlobalSection(ProjectConfigurationPlatforms) = postSolution
		{03E6796E-57AF-47D4-B5A7-69D2A82E8903}.Debug|Any CPU.ActiveCfg = Debug|Any CPU
		{03E6796E-57AF-47D4-B5A7-69D2A82E8903}.Debug|Any CPU.Build.0 = Debug|Any CPU
		{03E6796E-57AF-47D4-B5A7-69D2A82E8903}.Release|Any CPU.ActiveCfg = Release|Any CPU
		{03E6796E-57AF-47D4-B5A7-69D2A82E8903}.Release|Any CPU.Build.0 = Release|Any CPU
	EndGlobalSection
	GlobalSection(SolutionProperties) = preSolution
		HideSolutionNode = FALSE
	EndGlobalSection
	GlobalSection(ExtensibilityGlobals) = postSolution
		SolutionGuid = {CA3D68F5-C294-4AF4-8AFE-5FF065FFA961}
	EndGlobalSection
EndGlobal
